<?xml version="1.0" encoding="utf-8"?>
<Project ToolsVersion="4.0" xmlns="http://schemas.microsoft.com/developer/msbuild/2003">
  <ItemGroup>
    <Filter Include="glad">
      <UniqueIdentifier>{36ba9e4f-4d17-440c-ab28-5ae3c1396001}</UniqueIdentifier>
    </Filter>
    <Filter Include="main">
      <UniqueIdentifier>{4FC737F1-C7A5-4376-A066-2A32D752A2FF}</UniqueIdentifier>
      <Extensions>cpp;c;cc;cxx;def;odl;idl;hpj;bat;asm;asmx</Extensions>
    </Filter>
    <Filter Include="shaders">
      <UniqueIdentifier>{1cbc4c3f-af2f-4b7b-9731-f7bd2e19df1c}</UniqueIdentifier>
    </Filter>
    <Filter Include="Models">
      <UniqueIdentifier>{72d5bb60-280d-4f15-8388-357b558a0c96}</UniqueIdentifier>
    </Filter>
    <Filter Include="scene">
      <UniqueIdentifier>{4878eb6f-af66-49ba-8b56-5fa9c13e9fae}</UniqueIdentifier>
    </Filter>
    <Filter Include="utils">
      <UniqueIdentifier>{4d84d813-8909-42a7-9934-3291acd57f4a}</UniqueIdentifier>
    </Filter>
  </ItemGroup>
  <ItemGroup>
    <ClCompile Include="includes\glad\glad.c">
      <Filter>glad</Filter>
    </ClCompile>
    <ClCompile Include="main.cpp">
      <Filter>main</Filter>
    </ClCompile>
    <ClCompile Include="test-json.c">
      <Filter>main</Filter>
    </ClCompile>
    <ClCompile Include="Mesh.cpp">
      <Filter>Models</Filter>
    </ClCompile>
  </ItemGroup>
  <ItemGroup>
    <ClInclude Include="includes\glad\glad.h">
      <Filter>glad</Filter>
    </ClInclude>
    <ClInclude Include="shaders\Shader.h">
      <Filter>shaders</Filter>
    </ClInclude>
    <ClInclude Include="includes\stb_image.h">
      <Filter>shaders</Filter>
    </ClInclude>
    <ClInclude Include="Mesh.h">
      <Filter>Models</Filter>
    </ClInclude>
    <ClInclude Include="IScene.h">
      <Filter>scene</Filter>
    </ClInclude>
    <ClInclude Include="IInput.h">
      <Filter>scene</Filter>
    </ClInclude>
    <ClInclude Include="Game.h">
      <Filter>main</Filter>
    </ClInclude>
    <ClInclude Include="GameObject.h">
      <Filter>Models</Filter>
    </ClInclude>
    <ClInclude Include="GameObjectModelLoadedFactory.h">
      <Filter>Models</Filter>
    </ClInclude>
    <ClInclude Include="SceneRealization.h">
      <Filter>scene</Filter>
    </ClInclude>
    <ClInclude Include="ModelLoader.h">
      <Filter>Models</Filter>
    </ClInclude>
    <ClInclude Include="camerar.h">
      <Filter>main</Filter>
    </ClInclude>
    <ClInclude Include="ParallelogramLoader.h">
      <Filter>Models</Filter>
    </ClInclude>
    <ClInclude Include="SpaceGenerator.h">
      <Filter>utils</Filter>
    </ClInclude>
    <ClInclude Include="SkyBox.h">
      <Filter>Models</Filter>
    </ClInclude>
  </ItemGroup>
  <ItemGroup>
    <None Include="shaders\Vertex.vs">
      <Filter>shaders</Filter>
    </None>
    <None Include="Pixel_map.ps">
      <Filter>shaders</Filter>
    </None>
    <None Include="shaders\Pixel.fs">
      <Filter>shaders</Filter>
    </None>
    <None Include="shaders\skybox.vs">
      <Filter>shaders</Filter>
    </None>
    <None Include="shaders\skybox.fs">
      <Filter>shaders</Filter>
    </None>
  </ItemGroup>
  <ItemGroup>
    <Image Include="shrek.jpg">
      <Filter>shaders</Filter>
    </Image>
  </ItemGroup>
  <ItemGroup>
    <Text Include="resources\4\Vertex.vs.txt">
      <Filter>shaders</Filter>
    </Text>
  </ItemGroup>
</Project>